
Microsoft Visual Studio Solution File, Format Version 12.00
# Visual Studio Version 17
VisualStudioVersion = 17.11.35312.102
MinimumVisualStudioVersion = 10.0.40219.1
Project("{FAE04EC0-301F-11D3-BF4B-00C04F79EFBC}") = "Animal Codegen", "Animal Codegen.csproj", "{ADBB31EC-0345-427F-9597-8EAC92651757}"
EndProject
Global
	GlobalSection(SolutionConfigurationPlatforms) = preSolution
		Debug|Any CPU = Debug|Any CPU
		Release|Any CPU = Release|Any CPU
	EndGlobalSection
	GlobalSection(ProjectConfigurationPlatforms) = postSolution
		{ADBB31EC-0345-427F-9597-8EAC92651757}.Debug|Any CPU.ActiveCfg = Debug|Any CPU
		{ADBB31EC-0345-427F-9597-8EAC92651757}.Debug|Any CPU.Build.0 = Debug|Any CPU
		{ADBB31EC-0345-427F-9597-8EAC92651757}.Release|Any CPU.ActiveCfg = Release|Any CPU
		{ADBB31EC-0345-427F-9597-8EAC92651757}.Release|Any CPU.Build.0 = Release|Any CPU
	EndGlobalSection
	GlobalSection(SolutionProperties) = preSolution
		HideSolutionNode = FALSE
	EndGlobalSection
	GlobalSection(ExtensibilityGlobals) = postSolution
		SolutionGuid = {47FE8313-794C-484F-8053-C9B9DFD86566}
	EndGlobalSection
EndGlobal
